# This file was autogenerated by uv via the following command:
#    uv pip compile requirements.txt -o uv.lock
agno==1.2.6
    # via -r requirements.txt
aiohappyeyeballs==2.6.1
    # via
    #   -r requirements.txt
    #   aiohttp
aiohttp==3.11.16
    # via
    #   -r requirements.txt
    #   langchain-community
aiosignal==1.3.2
    # via
    #   -r requirements.txt
    #   aiohttp
alabaster==1.0.0
    # via
    #   -r requirements.txt
    #   sphinx
annotated-types==0.7.0
    # via
    #   -r requirements.txt
    #   pydantic
anyio==4.9.0
    # via
    #   -r requirements.txt
    #   httpx
    #   openai
    #   starlette
    #   watchfiles
arxiv==2.1.3
    # via -r requirements.txt
attrs==25.3.0
    # via
    #   -r requirements.txt
    #   aiohttp
babel==2.17.0
    # via
    #   -r requirements.txt
    #   sphinx
beautifulsoup4==4.13.3
    # via
    #   -r requirements.txt
    #   gnews
    #   googlesearch-python
    #   newspaper4k
    #   yfinance
blis==0.7.11
    # via
    #   -r requirements.txt
    #   thinc
catalogue==2.0.10
    # via
    #   -r requirements.txt
    #   spacy
    #   srsly
    #   thinc
certifi==2025.1.31
    # via
    #   -r requirements.txt
    #   httpcore
    #   httpx
    #   requests
charset-normalizer==3.4.1
    # via
    #   -r requirements.txt
    #   requests
chonkie==1.0.2
    # via -r requirements.txt
click==8.1.8
    # via
    #   -r requirements.txt
    #   duckduckgo-search
    #   nltk
    #   rich-toolkit
    #   typer
    #   uvicorn
cloudpathlib==0.21.0
    # via
    #   -r requirements.txt
    #   weasel
cloudscraper==1.2.71
    # via -r requirements.txt
colorama==0.4.6
    # via
    #   -r requirements.txt
    #   click
    #   pytest
    #   sphinx
    #   tqdm
    #   uvicorn
    #   wasabi
confection==0.1.5
    # via
    #   -r requirements.txt
    #   thinc
    #   weasel
cymem==2.0.11
    # via
    #   -r requirements.txt
    #   preshed
    #   spacy
    #   thinc
dataclasses-json==0.6.7
    # via
    #   -r requirements.txt
    #   langchain-community
deprecation==2.1.0
    # via
    #   -r requirements.txt
    #   lancedb
distro==1.9.0
    # via
    #   -r requirements.txt
    #   openai
dnspython==2.7.0
    # via
    #   -r requirements.txt
    #   email-validator
    #   gnews
docstring-parser==0.16
    # via
    #   -r requirements.txt
    #   agno
    #   phidata
docutils==0.21.2
    # via
    #   -r requirements.txt
    #   sphinx
    #   sphinx-argparse
    #   sphinx-rtd-theme
duckduckgo-search==7.5.5
    # via -r requirements.txt
email-validator==2.2.0
    # via -r requirements.txt
exa-py==1.9.1
    # via -r requirements.txt
fastapi==0.115.12
    # via -r requirements.txt
fastapi-cli==0.0.7
    # via -r requirements.txt
feedparser==6.0.11
    # via
    #   -r requirements.txt
    #   arxiv
    #   gnews
    #   newspaper4k
filelock==3.18.0
    # via
    #   -r requirements.txt
    #   huggingface-hub
    #   tldextract
    #   torch
    #   transformers
frozendict==2.4.6
    # via
    #   -r requirements.txt
    #   yfinance
frozenlist==1.5.0
    # via
    #   -r requirements.txt
    #   aiohttp
    #   aiosignal
fsspec==2025.3.2
    # via
    #   -r requirements.txt
    #   huggingface-hub
    #   torch
fugashi==1.4.0
    # via -r requirements.txt
gitdb==4.0.12
    # via
    #   -r requirements.txt
    #   gitpython
gitpython==3.1.44
    # via
    #   -r requirements.txt
    #   agno
    #   phidata
gnews==0.4.1
    # via -r requirements.txt
googlesearch-python==1.3.0
    # via -r requirements.txt
greenlet==3.1.1
    # via
    #   -r requirements.txt
    #   sqlalchemy
grpcio==1.71.0
    # via
    #   -r requirements.txt
    #   grpcio-tools
    #   qdrant-client
grpcio-tools==1.71.0
    # via
    #   -r requirements.txt
    #   qdrant-client
h11==0.14.0
    # via
    #   -r requirements.txt
    #   httpcore
    #   uvicorn
h2==4.2.0
    # via
    #   -r requirements.txt
    #   httpx
hpack==4.1.0
    # via
    #   -r requirements.txt
    #   h2
httpcore==1.0.7
    # via
    #   -r requirements.txt
    #   httpx
httptools==0.6.4
    # via
    #   -r requirements.txt
    #   uvicorn
httpx==0.28.1
    # via
    #   -r requirements.txt
    #   agno
    #   langsmith
    #   ollama
    #   openai
    #   phidata
    #   qdrant-client
httpx-sse==0.4.0
    # via
    #   -r requirements.txt
    #   langchain-community
huggingface-hub==0.30.2
    # via
    #   -r requirements.txt
    #   langchain-huggingface
    #   sentence-transformers
    #   tokenizers
    #   transformers
hyperframe==6.1.0
    # via
    #   -r requirements.txt
    #   h2
idna==3.10
    # via
    #   -r requirements.txt
    #   anyio
    #   email-validator
    #   httpx
    #   requests
    #   tldextract
    #   yarl
imagesize==1.4.1
    # via
    #   -r requirements.txt
    #   sphinx
indic-nlp-library==0.92
    # via -r requirements.txt
iniconfig==2.1.0
    # via
    #   -r requirements.txt
    #   pytest
ja-core-news-lg @ https://github.com/explosion/spacy-models/releases/download/ja_core_news_lg-3.7.0/ja_core_news_lg-3.7.0-py3-none-any.whl
    # via -r requirements.txt
jieba==0.42.1
    # via -r requirements.txt
jinja2==3.1.6
    # via
    #   -r requirements.txt
    #   spacy
    #   sphinx
    #   torch
jiter==0.9.0
    # via
    #   -r requirements.txt
    #   openai
joblib==1.4.2
    # via
    #   -r requirements.txt
    #   nltk
    #   scikit-learn
jsonpatch==1.33
    # via
    #   -r requirements.txt
    #   langchain-core
jsonpointer==3.0.0
    # via
    #   -r requirements.txt
    #   jsonpatch
lancedb==0.21.2
    # via -r requirements.txt
langchain==0.3.23
    # via
    #   -r requirements.txt
    #   langchain-community
langchain-community==0.3.21
    # via -r requirements.txt
langchain-core==0.3.51
    # via
    #   -r requirements.txt
    #   langchain
    #   langchain-community
    #   langchain-huggingface
    #   langchain-qdrant
    #   langchain-text-splitters
langchain-huggingface==0.1.2
    # via -r requirements.txt
langchain-qdrant==0.2.0
    # via -r requirements.txt
langchain-text-splitters==0.3.8
    # via
    #   -r requirements.txt
    #   langchain
langcodes==3.5.0
    # via
    #   -r requirements.txt
    #   spacy
langsmith==0.3.30
    # via
    #   -r requirements.txt
    #   langchain
    #   langchain-community
    #   langchain-core
language-data==1.3.0
    # via
    #   -r requirements.txt
    #   langcodes
lxml==5.3.1
    # via
    #   -r requirements.txt
    #   duckduckgo-search
    #   lxml-html-clean
    #   newspaper4k
lxml-html-clean==0.4.1
    # via -r requirements.txt
marisa-trie==1.2.1
    # via
    #   -r requirements.txt
    #   language-data
markdown-it-py==3.0.0
    # via
    #   -r requirements.txt
    #   rich
markupsafe==3.0.2
    # via
    #   -r requirements.txt
    #   jinja2
marshmallow==3.26.1
    # via
    #   -r requirements.txt
    #   dataclasses-json
mdurl==0.1.2
    # via
    #   -r requirements.txt
    #   markdown-it-py
morfessor==2.0.6
    # via
    #   -r requirements.txt
    #   indic-nlp-library
mpmath==1.3.0
    # via
    #   -r requirements.txt
    #   sympy
multidict==6.4.3
    # via
    #   -r requirements.txt
    #   aiohttp
    #   yarl
multitasking==0.0.11
    # via
    #   -r requirements.txt
    #   yfinance
murmurhash==1.0.12
    # via
    #   -r requirements.txt
    #   preshed
    #   spacy
    #   thinc
mypy-extensions==1.0.0
    # via
    #   -r requirements.txt
    #   typing-inspect
networkx==3.4.2
    # via
    #   -r requirements.txt
    #   torch
newspaper4k==0.9.3.1
    # via -r requirements.txt
nltk==3.9.1
    # via
    #   -r requirements.txt
    #   newspaper4k
numpy==1.26.4
    # via
    #   -r requirements.txt
    #   blis
    #   indic-nlp-library
    #   langchain-community
    #   newspaper4k
    #   pandas
    #   pgvector
    #   qdrant-client
    #   scikit-learn
    #   scipy
    #   spacy
    #   thinc
    #   transformers
    #   yfinance
ollama==0.4.7
    # via -r requirements.txt
openai==1.69.0
    # via
    #   -r requirements.txt
    #   exa-py
orjson==3.10.16
    # via
    #   -r requirements.txt
    #   langsmith
overrides==7.7.0
    # via
    #   -r requirements.txt
    #   lancedb
packaging==24.2
    # via
    #   -r requirements.txt
    #   deprecation
    #   huggingface-hub
    #   lancedb
    #   langchain-core
    #   langsmith
    #   marshmallow
    #   pytest
    #   spacy
    #   sphinx
    #   thinc
    #   transformers
    #   weasel
pandas==2.2.3
    # via
    #   -r requirements.txt
    #   indic-nlp-library
    #   newspaper4k
    #   yfinance
peewee==3.17.9
    # via
    #   -r requirements.txt
    #   yfinance
pgvector==0.4.0
    # via -r requirements.txt
phidata==2.7.10
    # via -r requirements.txt
pillow==11.1.0
    # via
    #   -r requirements.txt
    #   newspaper4k
    #   sentence-transformers
platformdirs==4.3.7
    # via
    #   -r requirements.txt
    #   yfinance
pluggy==1.5.0
    # via
    #   -r requirements.txt
    #   pytest
portalocker==2.10.1
    # via
    #   -r requirements.txt
    #   qdrant-client
preshed==3.0.9
    # via
    #   -r requirements.txt
    #   spacy
    #   thinc
primp==0.14.0
    # via
    #   -r requirements.txt
    #   duckduckgo-search
propcache==0.3.1
    # via
    #   -r requirements.txt
    #   aiohttp
    #   yarl
protobuf==5.29.4
    # via
    #   -r requirements.txt
    #   grpcio-tools
psycopg==3.2.6
    # via -r requirements.txt
pyarrow==19.0.1
    # via
    #   -r requirements.txt
    #   lancedb
pycountry==24.6.1
    # via -r requirements.txt
pydantic==2.11.3
    # via
    #   -r requirements.txt
    #   agno
    #   confection
    #   exa-py
    #   fastapi
    #   lancedb
    #   langchain
    #   langchain-core
    #   langchain-qdrant
    #   langsmith
    #   ollama
    #   openai
    #   phidata
    #   pydantic-settings
    #   qdrant-client
    #   spacy
    #   thinc
    #   weasel
pydantic-core==2.33.1
    # via
    #   -r requirements.txt
    #   pydantic
pydantic-settings==2.8.1
    # via
    #   -r requirements.txt
    #   agno
    #   langchain-community
    #   phidata
pygments==2.19.1
    # via
    #   -r requirements.txt
    #   rich
    #   sphinx
pymupdf==1.25.5
    # via -r requirements.txt
pyparsing==3.2.3
    # via
    #   -r requirements.txt
    #   cloudscraper
pypdf==5.4.0
    # via -r requirements.txt
pytest==8.3.5
    # via
    #   -r requirements.txt
    #   pytest-mock
pytest-mock==3.14.0
    # via
    #   -r requirements.txt
    #   exa-py
pythainlp==5.1.0
    # via -r requirements.txt
python-dateutil==2.9.0.post0
    # via
    #   -r requirements.txt
    #   newspaper4k
    #   pandas
python-dotenv==1.1.0
    # via
    #   -r requirements.txt
    #   agno
    #   phidata
    #   pydantic-settings
    #   uvicorn
python-multipart==0.0.20
    # via
    #   -r requirements.txt
    #   agno
pytz==2025.2
    # via
    #   -r requirements.txt
    #   pandas
    #   yfinance
pywin32==310
    # via
    #   -r requirements.txt
    #   portalocker
pyyaml==6.0.2
    # via
    #   -r requirements.txt
    #   agno
    #   huggingface-hub
    #   langchain
    #   langchain-community
    #   langchain-core
    #   newspaper4k
    #   phidata
    #   transformers
    #   uvicorn
qdrant-client==1.13.3
    # via
    #   -r requirements.txt
    #   langchain-qdrant
regex==2024.11.6
    # via
    #   -r requirements.txt
    #   nltk
    #   transformers
requests==2.32.3
    # via
    #   -r requirements.txt
    #   arxiv
    #   cloudscraper
    #   exa-py
    #   gnews
    #   googlesearch-python
    #   huggingface-hub
    #   langchain
    #   langchain-community
    #   langsmith
    #   newspaper4k
    #   pythainlp
    #   requests-file
    #   requests-toolbelt
    #   spacy
    #   sphinx
    #   tldextract
    #   transformers
    #   weasel
    #   yfinance
requests-file==2.1.0
    # via
    #   -r requirements.txt
    #   tldextract
requests-toolbelt==1.0.0
    # via
    #   -r requirements.txt
    #   cloudscraper
    #   langsmith
rich==14.0.0
    # via
    #   -r requirements.txt
    #   agno
    #   phidata
    #   rich-toolkit
    #   typer
rich-toolkit==0.14.1
    # via
    #   -r requirements.txt
    #   fastapi-cli
roman-numerals-py==3.1.0
    # via
    #   -r requirements.txt
    #   sphinx
ruff==0.11.2
    # via -r requirements.txt
safetensors==0.5.3
    # via
    #   -r requirements.txt
    #   transformers
scikit-learn==1.6.1
    # via
    #   -r requirements.txt
    #   sentence-transformers
scipy==1.15.2
    # via
    #   -r requirements.txt
    #   scikit-learn
    #   sentence-transformers
sentence-transformers==4.0.2
    # via
    #   -r requirements.txt
    #   langchain-huggingface
setuptools==78.1.0
    # via
    #   -r requirements.txt
    #   grpcio-tools
    #   marisa-trie
    #   spacy
    #   thinc
sgmllib3k==1.0.0
    # via
    #   -r requirements.txt
    #   feedparser
shellingham==1.5.4
    # via
    #   -r requirements.txt
    #   typer
six==1.17.0
    # via
    #   -r requirements.txt
    #   python-dateutil
smart-open==7.1.0
    # via
    #   -r requirements.txt
    #   weasel
smmap==5.0.2
    # via
    #   -r requirements.txt
    #   gitdb
sniffio==1.3.1
    # via
    #   -r requirements.txt
    #   anyio
    #   openai
snowballstemmer==2.2.0
    # via
    #   -r requirements.txt
    #   sphinx
soupsieve==2.6
    # via
    #   -r requirements.txt
    #   beautifulsoup4
spacy==3.7.5
    # via
    #   -r requirements.txt
    #   ja-core-news-lg
spacy-legacy==3.0.12
    # via
    #   -r requirements.txt
    #   spacy
spacy-loggers==1.0.5
    # via
    #   -r requirements.txt
    #   spacy
sphinx==8.2.3
    # via
    #   -r requirements.txt
    #   sphinx-argparse
    #   sphinx-rtd-theme
    #   sphinxcontrib-jquery
sphinx-argparse==0.5.2
    # via
    #   -r requirements.txt
    #   indic-nlp-library
sphinx-rtd-theme==3.0.2
    # via
    #   -r requirements.txt
    #   indic-nlp-library
sphinxcontrib-applehelp==2.0.0
    # via
    #   -r requirements.txt
    #   sphinx
sphinxcontrib-devhelp==2.0.0
    # via
    #   -r requirements.txt
    #   sphinx
sphinxcontrib-htmlhelp==2.1.0
    # via
    #   -r requirements.txt
    #   sphinx
sphinxcontrib-jquery==4.1
    # via
    #   -r requirements.txt
    #   sphinx-rtd-theme
sphinxcontrib-jsmath==1.0.1
    # via
    #   -r requirements.txt
    #   sphinx
sphinxcontrib-qthelp==2.0.0
    # via
    #   -r requirements.txt
    #   sphinx
sphinxcontrib-serializinghtml==2.0.0
    # via
    #   -r requirements.txt
    #   sphinx
sqlalchemy==2.0.40
    # via
    #   -r requirements.txt
    #   langchain
    #   langchain-community
srsly==2.5.1
    # via
    #   -r requirements.txt
    #   confection
    #   spacy
    #   thinc
    #   weasel
starlette==0.46.1
    # via
    #   -r requirements.txt
    #   fastapi
sudachidict-core==20250129
    # via
    #   -r requirements.txt
    #   ja-core-news-lg
sudachipy==0.6.10
    # via
    #   -r requirements.txt
    #   ja-core-news-lg
    #   sudachidict-core
sympy==1.13.1
    # via
    #   -r requirements.txt
    #   torch
tantivy==0.22.2
    # via -r requirements.txt
tenacity==9.1.2
    # via
    #   -r requirements.txt
    #   langchain-community
    #   langchain-core
thinc==8.2.5
    # via
    #   -r requirements.txt
    #   spacy
threadpoolctl==3.6.0
    # via
    #   -r requirements.txt
    #   scikit-learn
tinysegmenter==0.4
    # via -r requirements.txt
tldextract==5.1.3
    # via
    #   -r requirements.txt
    #   newspaper4k
tokenizers==0.21.1
    # via
    #   -r requirements.txt
    #   chonkie
    #   langchain-huggingface
    #   transformers
tomli==2.2.1
    # via
    #   -r requirements.txt
    #   agno
    #   phidata
torch==2.6.0
    # via
    #   -r requirements.txt
    #   sentence-transformers
tqdm==4.67.1
    # via
    #   -r requirements.txt
    #   chonkie
    #   huggingface-hub
    #   lancedb
    #   nltk
    #   openai
    #   sentence-transformers
    #   spacy
    #   transformers
transformers==4.51.2
    # via
    #   -r requirements.txt
    #   langchain-huggingface
    #   sentence-transformers
typer==0.15.2
    # via
    #   -r requirements.txt
    #   agno
    #   fastapi-cli
    #   phidata
    #   spacy
    #   weasel
typing-extensions==4.13.2
    # via
    #   -r requirements.txt
    #   agno
    #   anyio
    #   beautifulsoup4
    #   exa-py
    #   fastapi
    #   huggingface-hub
    #   langchain-core
    #   openai
    #   phidata
    #   psycopg
    #   pydantic
    #   pydantic-core
    #   rich-toolkit
    #   sentence-transformers
    #   sqlalchemy
    #   torch
    #   typer
    #   typing-inspect
    #   typing-inspection
typing-inspect==0.9.0
    # via
    #   -r requirements.txt
    #   dataclasses-json
typing-inspection==0.4.0
    # via
    #   -r requirements.txt
    #   pydantic
tzdata==2025.2
    # via
    #   -r requirements.txt
    #   pandas
    #   psycopg
    #   pythainlp
unidic-lite==1.0.8
    # via -r requirements.txt
urllib3==2.3.0
    # via
    #   -r requirements.txt
    #   qdrant-client
    #   requests
uvicorn==0.34.0
    # via
    #   -r requirements.txt
    #   fastapi-cli
wasabi==1.1.3
    # via
    #   -r requirements.txt
    #   spacy
    #   thinc
    #   weasel
watchfiles==1.0.4
    # via
    #   -r requirements.txt
    #   uvicorn
weasel==0.4.1
    # via
    #   -r requirements.txt
    #   spacy
websockets==15.0.1
    # via
    #   -r requirements.txt
    #   uvicorn
wrapt==1.17.2
    # via
    #   -r requirements.txt
    #   smart-open
yarl==1.19.0
    # via
    #   -r requirements.txt
    #   aiohttp
yfinance==0.2.55
    # via -r requirements.txt
zstandard==0.23.0
    # via
    #   -r requirements.txt
    #   langsmith
